
Microsoft Visual Studio Solution File, Format Version 12.00
# Visual Studio Version 16
VisualStudioVersion = 16.0.30717.126
MinimumVisualStudioVersion = 10.0.40219.1
Project("{FAE04EC0-301F-11D3-BF4B-00C04F79EFBC}") = "TestCI", "TestCI.csproj", "{FE86B499-F86A-40C9-B356-E3AB4366BD50}"
EndProject
Global
	GlobalSection(SolutionConfigurationPlatforms) = preSolution
		Debug|Any CPU = Debug|Any CPU
		Release|Any CPU = Release|Any CPU
	EndGlobalSection
	GlobalSection(ProjectConfigurationPlatforms) = postSolution
		{FE86B499-F86A-40C9-B356-E3AB4366BD50}.Debug|Any CPU.ActiveCfg = Debug|Any CPU
		{FE86B499-F86A-40C9-B356-E3AB4366BD50}.Debug|Any CPU.Build.0 = Debug|Any CPU
		{FE86B499-F86A-40C9-B356-E3AB4366BD50}.Release|Any CPU.ActiveCfg = Release|Any CPU
		{FE86B499-F86A-40C9-B356-E3AB4366BD50}.Release|Any CPU.Build.0 = Release|Any CPU
	EndGlobalSection
	GlobalSection(SolutionProperties) = preSolution
		HideSolutionNode = FALSE
	EndGlobalSection
	GlobalSection(ExtensibilityGlobals) = postSolution
		SolutionGuid = {868DFF63-A459-49FB-A642-C90EF808703A}
	EndGlobalSection
EndGlobal
